
Microsoft Visual Studio Solution File, Format Version 12.00
# Visual Studio Version 17
VisualStudioVersion = 17.4.33110.190
MinimumVisualStudioVersion = 10.0.40219.1
Project("{FAE04EC0-301F-11D3-BF4B-00C04F79EFBC}") = "lab1", "lab1\lab1.csproj", "{E53D6F47-6364-4E73-806F-E2DF92AEFFD5}"
EndProject
Global
	GlobalSection(SolutionConfigurationPlatforms) = preSolution
		Debug|Any CPU = Debug|Any CPU
		Release|Any CPU = Release|Any CPU
	EndGlobalSection
	GlobalSection(ProjectConfigurationPlatforms) = postSolution
		{E53D6F47-6364-4E73-806F-E2DF92AEFFD5}.Debug|Any CPU.ActiveCfg = Debug|Any CPU
		{E53D6F47-6364-4E73-806F-E2DF92AEFFD5}.Debug|Any CPU.Build.0 = Debug|Any CPU
		{E53D6F47-6364-4E73-806F-E2DF92AEFFD5}.Release|Any CPU.ActiveCfg = Release|Any CPU
		{E53D6F47-6364-4E73-806F-E2DF92AEFFD5}.Release|Any CPU.Build.0 = Release|Any CPU
	EndGlobalSection
	GlobalSection(SolutionProperties) = preSolution
		HideSolutionNode = FALSE
	EndGlobalSection
	GlobalSection(ExtensibilityGlobals) = postSolution
		SolutionGuid = {389EBB53-8D69-4A74-AEE0-B496C82C1AA2}
	EndGlobalSection
EndGlobal
